
Microsoft Visual Studio Solution File, Format Version 12.00
# Visual Studio Version 16
VisualStudioVersion = 16.0.30907.101
MinimumVisualStudioVersion = 10.0.40219.1
Project("{8BC9CEB8-8B4A-11D0-8D11-00A0C91BC942}") = "DM_lab1", "DM_lab1\DM_lab1.vcxproj", "{34B01A15-C038-4AFF-B134-178EA2E5CB30}"
EndProject
Project("{8BC9CEB8-8B4A-11D0-8D11-00A0C91BC942}") = "Set_test", "Set_test\Set_test.vcxproj", "{C98BD3EA-6666-4ED7-A9FD-4FD60DA85949}"
EndProject
Global
	GlobalSection(SolutionConfigurationPlatforms) = preSolution
		Debug|x64 = Debug|x64
		Debug|x86 = Debug|x86
		Release|x64 = Release|x64
		Release|x86 = Release|x86
	EndGlobalSection
	GlobalSection(ProjectConfigurationPlatforms) = postSolution
		{34B01A15-C038-4AFF-B134-178EA2E5CB30}.Debug|x64.ActiveCfg = Debug|x64
		{34B01A15-C038-4AFF-B134-178EA2E5CB30}.Debug|x64.Build.0 = Debug|x64
		{34B01A15-C038-4AFF-B134-178EA2E5CB30}.Debug|x86.ActiveCfg = Debug|Win32
		{34B01A15-C038-4AFF-B134-178EA2E5CB30}.Debug|x86.Build.0 = Debug|Win32
		{34B01A15-C038-4AFF-B134-178EA2E5CB30}.Release|x64.ActiveCfg = Release|x64
		{34B01A15-C038-4AFF-B134-178EA2E5CB30}.Release|x64.Build.0 = Release|x64
		{34B01A15-C038-4AFF-B134-178EA2E5CB30}.Release|x86.ActiveCfg = Release|Win32
		{34B01A15-C038-4AFF-B134-178EA2E5CB30}.Release|x86.Build.0 = Release|Win32
		{C98BD3EA-6666-4ED7-A9FD-4FD60DA85949}.Debug|x64.ActiveCfg = Debug|x64
		{C98BD3EA-6666-4ED7-A9FD-4FD60DA85949}.Debug|x64.Build.0 = Debug|x64
		{C98BD3EA-6666-4ED7-A9FD-4FD60DA85949}.Debug|x86.ActiveCfg = Debug|Win32
		{C98BD3EA-6666-4ED7-A9FD-4FD60DA85949}.Debug|x86.Build.0 = Debug|Win32
		{C98BD3EA-6666-4ED7-A9FD-4FD60DA85949}.Release|x64.ActiveCfg = Release|x64
		{C98BD3EA-6666-4ED7-A9FD-4FD60DA85949}.Release|x64.Build.0 = Release|x64
		{C98BD3EA-6666-4ED7-A9FD-4FD60DA85949}.Release|x86.ActiveCfg = Release|Win32
		{C98BD3EA-6666-4ED7-A9FD-4FD60DA85949}.Release|x86.Build.0 = Release|Win32
	EndGlobalSection
	GlobalSection(SolutionProperties) = preSolution
		HideSolutionNode = FALSE
	EndGlobalSection
	GlobalSection(ExtensibilityGlobals) = postSolution
		SolutionGuid = {3D81B262-52B5-42BD-94F3-75E1D6A906A2}
	EndGlobalSection
EndGlobal
